Microsoft Visual Studio Solution File, Format Version 12.00
# Visual Studio 15
VisualStudioVersion = 15.0.26124.0
MinimumVisualStudioVersion = 15.0.26124.0
Project("{9A19103F-16F7-4668-BE54-9A1E7A4F7556}") = "Client", "Client\Client.csproj", "{FFC27E86-D3CD-4713-B9F9-3B9B2DAB84E9}"
EndProject
Project("{9A19103F-16F7-4668-BE54-9A1E7A4F7556}") = "Business", "Business\Business.csproj", "{4B859E77-A742-4DA8-9D86-73DC667CED22}"
EndProject
Project("{9A19103F-16F7-4668-BE54-9A1E7A4F7556}") = "Plugins", "Plugins\Plugins.csproj", "{A3E1B68B-02C4-4469-9B6D-55EB0751DE2F}"
EndProject
Project("{9A19103F-16F7-4668-BE54-9A1E7A4F7556}") = "Common", "Common\Common.csproj", "{A018012C-8440-4F03-8125-C35E7D8722FA}"
EndProject
Project("{9A19103F-16F7-4668-BE54-9A1E7A4F7556}") = "EntityStore", "EntityStore\EntityStore.csproj", "{E4C1500B-BDA5-4712-967F-4324DF36F5B2}"
EndProject
Project("{FAE04EC0-301F-11D3-BF4B-00C04F79EFBC}") = "DataAccess", "DataAccess\DataAccess.csproj", "{5DD0617A-F3AE-4E77-93E3-A849E6082CBE}"
EndProject
Global
	GlobalSection(SolutionConfigurationPlatforms) = preSolution
		Debug|Any CPU = Debug|Any CPU
		Debug|x64 = Debug|x64
		Debug|x86 = Debug|x86
		Release|Any CPU = Release|Any CPU
		Release|x64 = Release|x64
		Release|x86 = Release|x86
	EndGlobalSection
	GlobalSection(ProjectConfigurationPlatforms) = postSolution
		{FFC27E86-D3CD-4713-B9F9-3B9B2DAB84E9}.Debug|Any CPU.ActiveCfg = Debug|Any CPU
		{FFC27E86-D3CD-4713-B9F9-3B9B2DAB84E9}.Debug|Any CPU.Build.0 = Debug|Any CPU
		{FFC27E86-D3CD-4713-B9F9-3B9B2DAB84E9}.Debug|x64.ActiveCfg = Debug|Any CPU
		{FFC27E86-D3CD-4713-B9F9-3B9B2DAB84E9}.Debug|x64.Build.0 = Debug|Any CPU
		{FFC27E86-D3CD-4713-B9F9-3B9B2DAB84E9}.Debug|x86.ActiveCfg = Debug|Any CPU
		{FFC27E86-D3CD-4713-B9F9-3B9B2DAB84E9}.Debug|x86.Build.0 = Debug|Any CPU
		{FFC27E86-D3CD-4713-B9F9-3B9B2DAB84E9}.Release|Any CPU.ActiveCfg = Release|Any CPU
		{FFC27E86-D3CD-4713-B9F9-3B9B2DAB84E9}.Release|Any CPU.Build.0 = Release|Any CPU
		{FFC27E86-D3CD-4713-B9F9-3B9B2DAB84E9}.Release|x64.ActiveCfg = Release|Any CPU
		{FFC27E86-D3CD-4713-B9F9-3B9B2DAB84E9}.Release|x64.Build.0 = Release|Any CPU
		{FFC27E86-D3CD-4713-B9F9-3B9B2DAB84E9}.Release|x86.ActiveCfg = Release|Any CPU
		{FFC27E86-D3CD-4713-B9F9-3B9B2DAB84E9}.Release|x86.Build.0 = Release|Any CPU
		{4B859E77-A742-4DA8-9D86-73DC667CED22}.Debug|Any CPU.ActiveCfg = Debug|Any CPU
		{4B859E77-A742-4DA8-9D86-73DC667CED22}.Debug|Any CPU.Build.0 = Debug|Any CPU
		{4B859E77-A742-4DA8-9D86-73DC667CED22}.Debug|x64.ActiveCfg = Debug|Any CPU
		{4B859E77-A742-4DA8-9D86-73DC667CED22}.Debug|x64.Build.0 = Debug|Any CPU
		{4B859E77-A742-4DA8-9D86-73DC667CED22}.Debug|x86.ActiveCfg = Debug|Any CPU
		{4B859E77-A742-4DA8-9D86-73DC667CED22}.Debug|x86.Build.0 = Debug|Any CPU
		{4B859E77-A742-4DA8-9D86-73DC667CED22}.Release|Any CPU.ActiveCfg = Release|Any CPU
		{4B859E77-A742-4DA8-9D86-73DC667CED22}.Release|Any CPU.Build.0 = Release|Any CPU
		{4B859E77-A742-4DA8-9D86-73DC667CED22}.Release|x64.ActiveCfg = Release|Any CPU
		{4B859E77-A742-4DA8-9D86-73DC667CED22}.Release|x64.Build.0 = Release|Any CPU
		{4B859E77-A742-4DA8-9D86-73DC667CED22}.Release|x86.ActiveCfg = Release|Any CPU
		{4B859E77-A742-4DA8-9D86-73DC667CED22}.Release|x86.Build.0 = Release|Any CPU
		{A3E1B68B-02C4-4469-9B6D-55EB0751DE2F}.Debug|Any CPU.ActiveCfg = Debug|Any CPU
		{A3E1B68B-02C4-4469-9B6D-55EB0751DE2F}.Debug|Any CPU.Build.0 = Debug|Any CPU
		{A3E1B68B-02C4-4469-9B6D-55EB0751DE2F}.Debug|x64.ActiveCfg = Debug|Any CPU
		{A3E1B68B-02C4-4469-9B6D-55EB0751DE2F}.Debug|x64.Build.0 = Debug|Any CPU
		{A3E1B68B-02C4-4469-9B6D-55EB0751DE2F}.Debug|x86.ActiveCfg = Debug|Any CPU
		{A3E1B68B-02C4-4469-9B6D-55EB0751DE2F}.Debug|x86.Build.0 = Debug|Any CPU
		{A3E1B68B-02C4-4469-9B6D-55EB0751DE2F}.Release|Any CPU.ActiveCfg = Release|Any CPU
		{A3E1B68B-02C4-4469-9B6D-55EB0751DE2F}.Release|Any CPU.Build.0 = Release|Any CPU
		{A3E1B68B-02C4-4469-9B6D-55EB0751DE2F}.Release|x64.ActiveCfg = Release|Any CPU
		{A3E1B68B-02C4-4469-9B6D-55EB0751DE2F}.Release|x64.Build.0 = Release|Any CPU
		{A3E1B68B-02C4-4469-9B6D-55EB0751DE2F}.Release|x86.ActiveCfg = Release|Any CPU
		{A3E1B68B-02C4-4469-9B6D-55EB0751DE2F}.Release|x86.Build.0 = Release|Any CPU
		{A018012C-8440-4F03-8125-C35E7D8722FA}.Debug|Any CPU.ActiveCfg = Debug|Any CPU
		{A018012C-8440-4F03-8125-C35E7D8722FA}.Debug|Any CPU.Build.0 = Debug|Any CPU
		{A018012C-8440-4F03-8125-C35E7D8722FA}.Debug|x64.ActiveCfg = Debug|Any CPU
		{A018012C-8440-4F03-8125-C35E7D8722FA}.Debug|x64.Build.0 = Debug|Any CPU
		{A018012C-8440-4F03-8125-C35E7D8722FA}.Debug|x86.ActiveCfg = Debug|Any CPU
		{A018012C-8440-4F03-8125-C35E7D8722FA}.Debug|x86.Build.0 = Debug|Any CPU
		{A018012C-8440-4F03-8125-C35E7D8722FA}.Release|Any CPU.ActiveCfg = Release|Any CPU
		{A018012C-8440-4F03-8125-C35E7D8722FA}.Release|Any CPU.Build.0 = Release|Any CPU
		{A018012C-8440-4F03-8125-C35E7D8722FA}.Release|x64.ActiveCfg = Release|Any CPU
		{A018012C-8440-4F03-8125-C35E7D8722FA}.Release|x64.Build.0 = Release|Any CPU
		{A018012C-8440-4F03-8125-C35E7D8722FA}.Release|x86.ActiveCfg = Release|Any CPU
		{A018012C-8440-4F03-8125-C35E7D8722FA}.Release|x86.Build.0 = Release|Any CPU
		{E4C1500B-BDA5-4712-967F-4324DF36F5B2}.Debug|Any CPU.ActiveCfg = Debug|Any CPU
		{E4C1500B-BDA5-4712-967F-4324DF36F5B2}.Debug|Any CPU.Build.0 = Debug|Any CPU
		{E4C1500B-BDA5-4712-967F-4324DF36F5B2}.Debug|x64.ActiveCfg = Debug|Any CPU
		{E4C1500B-BDA5-4712-967F-4324DF36F5B2}.Debug|x64.Build.0 = Debug|Any CPU
		{E4C1500B-BDA5-4712-967F-4324DF36F5B2}.Debug|x86.ActiveCfg = Debug|Any CPU
		{E4C1500B-BDA5-4712-967F-4324DF36F5B2}.Debug|x86.Build.0 = Debug|Any CPU
		{E4C1500B-BDA5-4712-967F-4324DF36F5B2}.Release|Any CPU.ActiveCfg = Release|Any CPU
		{E4C1500B-BDA5-4712-967F-4324DF36F5B2}.Release|Any CPU.Build.0 = Release|Any CPU
		{E4C1500B-BDA5-4712-967F-4324DF36F5B2}.Release|x64.ActiveCfg = Release|Any CPU
		{E4C1500B-BDA5-4712-967F-4324DF36F5B2}.Release|x64.Build.0 = Release|Any CPU
		{E4C1500B-BDA5-4712-967F-4324DF36F5B2}.Release|x86.ActiveCfg = Release|Any CPU
		{E4C1500B-BDA5-4712-967F-4324DF36F5B2}.Release|x86.Build.0 = Release|Any CPU
		{5DD0617A-F3AE-4E77-93E3-A849E6082CBE}.Debug|Any CPU.ActiveCfg = Debug|Any CPU
		{5DD0617A-F3AE-4E77-93E3-A849E6082CBE}.Debug|Any CPU.Build.0 = Debug|Any CPU
		{5DD0617A-F3AE-4E77-93E3-A849E6082CBE}.Debug|x64.ActiveCfg = Debug|Any CPU
		{5DD0617A-F3AE-4E77-93E3-A849E6082CBE}.Debug|x64.Build.0 = Debug|Any CPU
		{5DD0617A-F3AE-4E77-93E3-A849E6082CBE}.Debug|x86.ActiveCfg = Debug|Any CPU
		{5DD0617A-F3AE-4E77-93E3-A849E6082CBE}.Debug|x86.Build.0 = Debug|Any CPU
		{5DD0617A-F3AE-4E77-93E3-A849E6082CBE}.Release|Any CPU.ActiveCfg = Release|Any CPU
		{5DD0617A-F3AE-4E77-93E3-A849E6082CBE}.Release|Any CPU.Build.0 = Release|Any CPU
		{5DD0617A-F3AE-4E77-93E3-A849E6082CBE}.Release|x64.ActiveCfg = Release|Any CPU
		{5DD0617A-F3AE-4E77-93E3-A849E6082CBE}.Release|x64.Build.0 = Release|Any CPU
		{5DD0617A-F3AE-4E77-93E3-A849E6082CBE}.Release|x86.ActiveCfg = Release|Any CPU
		{5DD0617A-F3AE-4E77-93E3-A849E6082CBE}.Release|x86.Build.0 = Release|Any CPU
	EndGlobalSection
	GlobalSection(SolutionProperties) = preSolution
		HideSolutionNode = FALSE
	EndGlobalSection
	GlobalSection(ExtensibilityGlobals) = postSolution
		SolutionGuid = {0F70BC4F-EFAE-4F02-9A77-F0AB09C80C6C}
	EndGlobalSection
EndGlobal
